{
  "object": {
    "pins": [
      {
        "package": "Highlightr",
        "repositoryURL": "https://github.com/raspu/Highlightr",
        "state": {
          "branch": null,
          "revision": "93199b9e434f04bda956a613af8f571933f9f037",
          "version": "2.1.2"
        }
      },
      {
        "package": "Prettier_swift",
        "repositoryURL": "https://github.com/michaelhenry/Prettier.swift",
        "state": {
          "branch": null,
          "revision": "d6e2197469a2d9a9c5f0a9302bb28e155586d36d",
          "version": "1.1.1"
        }
      },
      {
        "package": "RxDataSources",
        "repositoryURL": "https://github.com/RxSwiftCommunity/RxDataSources",
        "state": {
          "branch": null,
          "revision": "90c29b48b628479097fe775ed1966d75ac374518",
          "version": "5.0.2"
        }
      },
      {
        "package": "RxSwift",
        "repositoryURL": "https://github.com/ReactiveX/RxSwift",
        "state": {
          "branch": null,
          "revision": "b4307ba0b6425c0ba4178e138799946c3da594f8",
          "version": "6.5.0"
        }
      }
    ]
  },
  "version": 1
}
