{
  "object": {
    "pins": [
      {
        "package": "DiffableDataSources",
        "repositoryURL": "https://github.com/ra1028/DiffableDataSources",
        "state": {
          "branch": null,
          "revision": "a457cf63456b3aeec2a3626af0230c98b0733927",
          "version": "0.5.0"
        }
      },
      {
        "package": "DifferenceKit",
        "repositoryURL": "https://github.com/ra1028/DifferenceKit.git",
        "state": {
          "branch": null,
          "revision": "62745d7780deef4a023a792a1f8f763ec7bf9705",
          "version": "1.2.0"
        }
      },
      {
        "package": "Highlightr",
        "repositoryURL": "https://github.com/raspu/Highlightr",
        "state": {
          "branch": null,
          "revision": "93199b9e434f04bda956a613af8f571933f9f037",
          "version": "2.1.2"
        }
      },
      {
        "package": "Prettier_swift",
        "repositoryURL": "https://github.com/michaelhenry/Prettier.swift",
        "state": {
          "branch": null,
          "revision": "d6e2197469a2d9a9c5f0a9302bb28e155586d36d",
          "version": "1.1.1"
        }
      },
      {
        "package": "RxSwift",
        "repositoryURL": "https://github.com/ReactiveX/RxSwift",
        "state": {
          "branch": null,
          "revision": "b4307ba0b6425c0ba4178e138799946c3da594f8",
          "version": "6.5.0"
        }
      },
      {
        "package": "swift-snapshot-testing",
        "repositoryURL": "https://github.com/pointfreeco/swift-snapshot-testing.git",
        "state": {
          "branch": null,
          "revision": "f29e2014f6230cf7d5138fc899da51c7f513d467",
          "version": "1.10.0"
        }
      }
    ]
  },
  "version": 1
}
