// !$*UTF8*$!
{
	archiveVersion = 1;
	classes = {
	};
	objectVersion = 56;
	objects = {

/* Begin PBXBuildFile section */
		9920815C28F837DC009263C5 /* AppDelegate.swift in Sources */ = {isa = PBXBuildFile; fileRef = 9920815B28F837DC009263C5 /* AppDelegate.swift */; };
		9920815E28F837DC009263C5 /* SceneDelegate.swift in Sources */ = {isa = PBXBuildFile; fileRef = 9920815D28F837DC009263C5 /* SceneDelegate.swift */; };
		9920816028F837DC009263C5 /* ViewController.swift in Sources */ = {isa = PBXBuildFile; fileRef = 9920815F28F837DC009263C5 /* ViewController.swift */; };
		9920816328F837DC009263C5 /* Main.storyboard in Resources */ = {isa = PBXBuildFile; fileRef = 9920816128F837DC009263C5 /* Main.storyboard */; };
		9920816528F837DD009263C5 /* Assets.xcassets in Resources */ = {isa = PBXBuildFile; fileRef = 9920816428F837DD009263C5 /* Assets.xcassets */; };
		9920816828F837DD009263C5 /* LaunchScreen.storyboard in Resources */ = {isa = PBXBuildFile; fileRef = 9920816628F837DD009263C5 /* LaunchScreen.storyboard */; };
		9920817328F837DD009263C5 /* XConfigsTests.swift in Sources */ = {isa = PBXBuildFile; fileRef = 9920817228F837DD009263C5 /* XConfigsTests.swift */; };
		9920819328F844EA009263C5 /* AppConfigs.swift in Sources */ = {isa = PBXBuildFile; fileRef = 9920819228F844EA009263C5 /* AppConfigs.swift */; };
		992081A0290189BB009263C5 /* MockConfigs.swift in Sources */ = {isa = PBXBuildFile; fileRef = 9920819D290189BB009263C5 /* MockConfigs.swift */; };
		992081A429018B1C009263C5 /* XConfigs in Frameworks */ = {isa = PBXBuildFile; productRef = 992081A329018B1C009263C5 /* XConfigs */; };
		998E8BBC2907F99F00B79EEF /* XConfigs in Frameworks */ = {isa = PBXBuildFile; productRef = 998E8BBB2907F99F00B79EEF /* XConfigs */; };
		999353C5290EDFB700E79302 /* SampleKeyValueProvider.swift in Sources */ = {isa = PBXBuildFile; fileRef = 999353C4290EDFB700E79302 /* SampleKeyValueProvider.swift */; };
		999353C72911646400E79302 /* MockKeyValueProvider.swift in Sources */ = {isa = PBXBuildFile; fileRef = 999353C62911646400E79302 /* MockKeyValueProvider.swift */; };
		999353C92911647B00E79302 /* MockKeyValueStore.swift in Sources */ = {isa = PBXBuildFile; fileRef = 999353C82911647B00E79302 /* MockKeyValueStore.swift */; };
		99CD39752902EC7E003CE496 /* SnapshotTesting in Frameworks */ = {isa = PBXBuildFile; productRef = 99CD39742902EC7E003CE496 /* SnapshotTesting */; };
		99CD39772902EC92003CE496 /* SnapshotTests.swift in Sources */ = {isa = PBXBuildFile; fileRef = 99CD39762902EC92003CE496 /* SnapshotTests.swift */; };
/* End PBXBuildFile section */

/* Begin PBXContainerItemProxy section */
		9920816F28F837DD009263C5 /* PBXContainerItemProxy */ = {
			isa = PBXContainerItemProxy;
			containerPortal = 9920815028F837DC009263C5 /* Project object */;
			proxyType = 1;
			remoteGlobalIDString = 9920815728F837DC009263C5;
			remoteInfo = Demo;
		};
/* End PBXContainerItemProxy section */

/* Begin PBXFileReference section */
		9920815828F837DC009263C5 /* Demo.app */ = {isa = PBXFileReference; explicitFileType = wrapper.application; includeInIndex = 0; path = Demo.app; sourceTree = BUILT_PRODUCTS_DIR; };
		9920815B28F837DC009263C5 /* AppDelegate.swift */ = {isa = PBXFileReference; lastKnownFileType = sourcecode.swift; path = AppDelegate.swift; sourceTree = "<group>"; };
		9920815D28F837DC009263C5 /* SceneDelegate.swift */ = {isa = PBXFileReference; lastKnownFileType = sourcecode.swift; path = SceneDelegate.swift; sourceTree = "<group>"; };
		9920815F28F837DC009263C5 /* ViewController.swift */ = {isa = PBXFileReference; lastKnownFileType = sourcecode.swift; path = ViewController.swift; sourceTree = "<group>"; };
		9920816228F837DC009263C5 /* Base */ = {isa = PBXFileReference; lastKnownFileType = file.storyboard; name = Base; path = Base.lproj/Main.storyboard; sourceTree = "<group>"; };
		9920816428F837DD009263C5 /* Assets.xcassets */ = {isa = PBXFileReference; lastKnownFileType = folder.assetcatalog; path = Assets.xcassets; sourceTree = "<group>"; };
		9920816728F837DD009263C5 /* Base */ = {isa = PBXFileReference; lastKnownFileType = file.storyboard; name = Base; path = Base.lproj/LaunchScreen.storyboard; sourceTree = "<group>"; };
		9920816928F837DD009263C5 /* Info.plist */ = {isa = PBXFileReference; lastKnownFileType = text.plist.xml; path = Info.plist; sourceTree = "<group>"; };
		9920816E28F837DD009263C5 /* DemoTests.xctest */ = {isa = PBXFileReference; explicitFileType = wrapper.cfbundle; includeInIndex = 0; path = DemoTests.xctest; sourceTree = BUILT_PRODUCTS_DIR; };
		9920817228F837DD009263C5 /* XConfigsTests.swift */ = {isa = PBXFileReference; lastKnownFileType = sourcecode.swift; path = XConfigsTests.swift; sourceTree = "<group>"; };
		9920819228F844EA009263C5 /* AppConfigs.swift */ = {isa = PBXFileReference; lastKnownFileType = sourcecode.swift; path = AppConfigs.swift; sourceTree = "<group>"; };
		9920819528F8457F009263C5 /* XConfigs */ = {isa = PBXFileReference; lastKnownFileType = wrapper; name = XConfigs; path = ..; sourceTree = "<group>"; };
		9920819D290189BB009263C5 /* MockConfigs.swift */ = {isa = PBXFileReference; lastKnownFileType = sourcecode.swift; path = MockConfigs.swift; sourceTree = "<group>"; };
		999353C4290EDFB700E79302 /* SampleKeyValueProvider.swift */ = {isa = PBXFileReference; lastKnownFileType = sourcecode.swift; path = SampleKeyValueProvider.swift; sourceTree = "<group>"; };
		999353C62911646400E79302 /* MockKeyValueProvider.swift */ = {isa = PBXFileReference; lastKnownFileType = sourcecode.swift; path = MockKeyValueProvider.swift; sourceTree = "<group>"; };
		999353C82911647B00E79302 /* MockKeyValueStore.swift */ = {isa = PBXFileReference; lastKnownFileType = sourcecode.swift; path = MockKeyValueStore.swift; sourceTree = "<group>"; };
		99CD39762902EC92003CE496 /* SnapshotTests.swift */ = {isa = PBXFileReference; lastKnownFileType = sourcecode.swift; path = SnapshotTests.swift; sourceTree = "<group>"; };
/* End PBXFileReference section */

/* Begin PBXFrameworksBuildPhase section */
		9920815528F837DC009263C5 /* Frameworks */ = {
			isa = PBXFrameworksBuildPhase;
			buildActionMask = 2147483647;
			files = (
				998E8BBC2907F99F00B79EEF /* XConfigs in Frameworks */,
			);
			runOnlyForDeploymentPostprocessing = 0;
		};
		9920816B28F837DD009263C5 /* Frameworks */ = {
			isa = PBXFrameworksBuildPhase;
			buildActionMask = 2147483647;
			files = (
				992081A429018B1C009263C5 /* XConfigs in Frameworks */,
				99CD39752902EC7E003CE496 /* SnapshotTesting in Frameworks */,
			);
			runOnlyForDeploymentPostprocessing = 0;
		};
/* End PBXFrameworksBuildPhase section */

/* Begin PBXGroup section */
		9920814F28F837DC009263C5 = {
			isa = PBXGroup;
			children = (
				9920818B28F83829009263C5 /* Packages */,
				9920815A28F837DC009263C5 /* Demo */,
				9920817128F837DD009263C5 /* DemoTests */,
				9920815928F837DC009263C5 /* Products */,
				9920818E28F83AC1009263C5 /* Frameworks */,
			);
			sourceTree = "<group>";
		};
		9920815928F837DC009263C5 /* Products */ = {
			isa = PBXGroup;
			children = (
				9920815828F837DC009263C5 /* Demo.app */,
				9920816E28F837DD009263C5 /* DemoTests.xctest */,
			);
			name = Products;
			sourceTree = "<group>";
		};
		9920815A28F837DC009263C5 /* Demo */ = {
			isa = PBXGroup;
			children = (
				9920815B28F837DC009263C5 /* AppDelegate.swift */,
				9920815D28F837DC009263C5 /* SceneDelegate.swift */,
				9920815F28F837DC009263C5 /* ViewController.swift */,
				9920819228F844EA009263C5 /* AppConfigs.swift */,
				999353C4290EDFB700E79302 /* SampleKeyValueProvider.swift */,
				9920816128F837DC009263C5 /* Main.storyboard */,
				9920816428F837DD009263C5 /* Assets.xcassets */,
				9920816628F837DD009263C5 /* LaunchScreen.storyboard */,
				9920816928F837DD009263C5 /* Info.plist */,
			);
			path = Demo;
			sourceTree = "<group>";
		};
		9920817128F837DD009263C5 /* DemoTests */ = {
			isa = PBXGroup;
			children = (
				999353CA2911648400E79302 /* Helpers */,
				9920817228F837DD009263C5 /* XConfigsTests.swift */,
				9920819D290189BB009263C5 /* MockConfigs.swift */,
				99CD39762902EC92003CE496 /* SnapshotTests.swift */,
			);
			path = DemoTests;
			sourceTree = "<group>";
		};
		9920818B28F83829009263C5 /* Packages */ = {
			isa = PBXGroup;
			children = (
				9920819528F8457F009263C5 /* XConfigs */,
			);
			name = Packages;
			sourceTree = "<group>";
		};
		9920818E28F83AC1009263C5 /* Frameworks */ = {
			isa = PBXGroup;
			children = (
			);
			name = Frameworks;
			sourceTree = "<group>";
		};
		999353CA2911648400E79302 /* Helpers */ = {
			isa = PBXGroup;
			children = (
				999353C62911646400E79302 /* MockKeyValueProvider.swift */,
				999353C82911647B00E79302 /* MockKeyValueStore.swift */,
			);
			path = Helpers;
			sourceTree = "<group>";
		};
/* End PBXGroup section */

/* Begin PBXNativeTarget section */
		9920815728F837DC009263C5 /* Demo */ = {
			isa = PBXNativeTarget;
			buildConfigurationList = 9920818228F837DD009263C5 /* Build configuration list for PBXNativeTarget "Demo" */;
			buildPhases = (
				9920815428F837DC009263C5 /* Sources */,
				9920815528F837DC009263C5 /* Frameworks */,
				9920815628F837DC009263C5 /* Resources */,
			);
			buildRules = (
			);
			dependencies = (
			);
			name = Demo;
			packageProductDependencies = (
				998E8BBB2907F99F00B79EEF /* XConfigs */,
			);
			productName = Demo;
			productReference = 9920815828F837DC009263C5 /* Demo.app */;
			productType = "com.apple.product-type.application";
		};
		9920816D28F837DD009263C5 /* DemoTests */ = {
			isa = PBXNativeTarget;
			buildConfigurationList = 9920818528F837DD009263C5 /* Build configuration list for PBXNativeTarget "DemoTests" */;
			buildPhases = (
				9920816A28F837DD009263C5 /* Sources */,
				9920816B28F837DD009263C5 /* Frameworks */,
				9920816C28F837DD009263C5 /* Resources */,
			);
			buildRules = (
			);
			dependencies = (
				9920817028F837DD009263C5 /* PBXTargetDependency */,
			);
			name = DemoTests;
			packageProductDependencies = (
				992081A329018B1C009263C5 /* XConfigs */,
				99CD39742902EC7E003CE496 /* SnapshotTesting */,
			);
			productName = DemoTests;
			productReference = 9920816E28F837DD009263C5 /* DemoTests.xctest */;
			productType = "com.apple.product-type.bundle.unit-test";
		};
/* End PBXNativeTarget section */

/* Begin PBXProject section */
		9920815028F837DC009263C5 /* Project object */ = {
			isa = PBXProject;
			attributes = {
				BuildIndependentTargetsInParallel = 1;
				LastSwiftUpdateCheck = 1400;
				LastUpgradeCheck = 1400;
				TargetAttributes = {
					9920815728F837DC009263C5 = {
						CreatedOnToolsVersion = 14.0.1;
					};
					9920816D28F837DD009263C5 = {
						CreatedOnToolsVersion = 14.0.1;
						TestTargetID = 9920815728F837DC009263C5;
					};
				};
			};
			buildConfigurationList = 9920815328F837DC009263C5 /* Build configuration list for PBXProject "Demo" */;
			compatibilityVersion = "Xcode 14.0";
			developmentRegion = en;
			hasScannedForEncodings = 0;
			knownRegions = (
				en,
				Base,
			);
			mainGroup = 9920814F28F837DC009263C5;
			packageReferences = (
				99CD39732902EC7E003CE496 /* XCRemoteSwiftPackageReference "swift-snapshot-testing" */,
			);
			productRefGroup = 9920815928F837DC009263C5 /* Products */;
			projectDirPath = "";
			projectRoot = "";
			targets = (
				9920815728F837DC009263C5 /* Demo */,
				9920816D28F837DD009263C5 /* DemoTests */,
			);
		};
/* End PBXProject section */

/* Begin PBXResourcesBuildPhase section */
		9920815628F837DC009263C5 /* Resources */ = {
			isa = PBXResourcesBuildPhase;
			buildActionMask = 2147483647;
			files = (
				9920816828F837DD009263C5 /* LaunchScreen.storyboard in Resources */,
				9920816528F837DD009263C5 /* Assets.xcassets in Resources */,
				9920816328F837DC009263C5 /* Main.storyboard in Resources */,
			);
			runOnlyForDeploymentPostprocessing = 0;
		};
		9920816C28F837DD009263C5 /* Resources */ = {
			isa = PBXResourcesBuildPhase;
			buildActionMask = 2147483647;
			files = (
			);
			runOnlyForDeploymentPostprocessing = 0;
		};
/* End PBXResourcesBuildPhase section */

/* Begin PBXSourcesBuildPhase section */
		9920815428F837DC009263C5 /* Sources */ = {
			isa = PBXSourcesBuildPhase;
			buildActionMask = 2147483647;
			files = (
				999353C5290EDFB700E79302 /* SampleKeyValueProvider.swift in Sources */,
				9920816028F837DC009263C5 /* ViewController.swift in Sources */,
				9920815C28F837DC009263C5 /* AppDelegate.swift in Sources */,
				9920819328F844EA009263C5 /* AppConfigs.swift in Sources */,
				9920815E28F837DC009263C5 /* SceneDelegate.swift in Sources */,
			);
			runOnlyForDeploymentPostprocessing = 0;
		};
		9920816A28F837DD009263C5 /* Sources */ = {
			isa = PBXSourcesBuildPhase;
			buildActionMask = 2147483647;
			files = (
				999353C72911646400E79302 /* MockKeyValueProvider.swift in Sources */,
				9920817328F837DD009263C5 /* XConfigsTests.swift in Sources */,
				99CD39772902EC92003CE496 /* SnapshotTests.swift in Sources */,
				999353C92911647B00E79302 /* MockKeyValueStore.swift in Sources */,
				992081A0290189BB009263C5 /* MockConfigs.swift in Sources */,
			);
			runOnlyForDeploymentPostprocessing = 0;
		};
/* End PBXSourcesBuildPhase section */

/* Begin PBXTargetDependency section */
		9920817028F837DD009263C5 /* PBXTargetDependency */ = {
			isa = PBXTargetDependency;
			target = 9920815728F837DC009263C5 /* Demo */;
			targetProxy = 9920816F28F837DD009263C5 /* PBXContainerItemProxy */;
		};
/* End PBXTargetDependency section */

/* Begin PBXVariantGroup section */
		9920816128F837DC009263C5 /* Main.storyboard */ = {
			isa = PBXVariantGroup;
			children = (
				9920816228F837DC009263C5 /* Base */,
			);
			name = Main.storyboard;
			sourceTree = "<group>";
		};
		9920816628F837DD009263C5 /* LaunchScreen.storyboard */ = {
			isa = PBXVariantGroup;
			children = (
				9920816728F837DD009263C5 /* Base */,
			);
			name = LaunchScreen.storyboard;
			sourceTree = "<group>";
		};
/* End PBXVariantGroup section */

/* Begin XCBuildConfiguration section */
		9920818028F837DD009263C5 /* Debug */ = {
			isa = XCBuildConfiguration;
			buildSettings = {
				ALWAYS_SEARCH_USER_PATHS = NO;
				CLANG_ANALYZER_NONNULL = YES;
				CLANG_ANALYZER_NUMBER_OBJECT_CONVERSION = YES_AGGRESSIVE;
				CLANG_CXX_LANGUAGE_STANDARD = "gnu++20";
				CLANG_ENABLE_MODULES = YES;
				CLANG_ENABLE_OBJC_ARC = YES;
				CLANG_ENABLE_OBJC_WEAK = YES;
				CLANG_WARN_BLOCK_CAPTURE_AUTORELEASING = YES;
				CLANG_WARN_BOOL_CONVERSION = YES;
				CLANG_WARN_COMMA = YES;
				CLANG_WARN_CONSTANT_CONVERSION = YES;
				CLANG_WARN_DEPRECATED_OBJC_IMPLEMENTATIONS = YES;
				CLANG_WARN_DIRECT_OBJC_ISA_USAGE = YES_ERROR;
				CLANG_WARN_DOCUMENTATION_COMMENTS = YES;
				CLANG_WARN_EMPTY_BODY = YES;
				CLANG_WARN_ENUM_CONVERSION = YES;
				CLANG_WARN_INFINITE_RECURSION = YES;
				CLANG_WARN_INT_CONVERSION = YES;
				CLANG_WARN_NON_LITERAL_NULL_CONVERSION = YES;
				CLANG_WARN_OBJC_IMPLICIT_RETAIN_SELF = YES;
				CLANG_WARN_OBJC_LITERAL_CONVERSION = YES;
				CLANG_WARN_OBJC_ROOT_CLASS = YES_ERROR;
				CLANG_WARN_QUOTED_INCLUDE_IN_FRAMEWORK_HEADER = YES;
				CLANG_WARN_RANGE_LOOP_ANALYSIS = YES;
				CLANG_WARN_STRICT_PROTOTYPES = YES;
				CLANG_WARN_SUSPICIOUS_MOVE = YES;
				CLANG_WARN_UNGUARDED_AVAILABILITY = YES_AGGRESSIVE;
				CLANG_WARN_UNREACHABLE_CODE = YES;
				CLANG_WARN__DUPLICATE_METHOD_MATCH = YES;
				COPY_PHASE_STRIP = NO;
				DEBUG_INFORMATION_FORMAT = dwarf;
				ENABLE_STRICT_OBJC_MSGSEND = YES;
				ENABLE_TESTABILITY = YES;
				GCC_C_LANGUAGE_STANDARD = gnu11;
				GCC_DYNAMIC_NO_PIC = NO;
				GCC_NO_COMMON_BLOCKS = YES;
				GCC_OPTIMIZATION_LEVEL = 0;
				GCC_PREPROCESSOR_DEFINITIONS = (
					"DEBUG=1",
					"$(inherited)",
				);
				GCC_WARN_64_TO_32_BIT_CONVERSION = YES;
				GCC_WARN_ABOUT_RETURN_TYPE = YES_ERROR;
				GCC_WARN_UNDECLARED_SELECTOR = YES;
				GCC_WARN_UNINITIALIZED_AUTOS = YES_AGGRESSIVE;
				GCC_WARN_UNUSED_FUNCTION = YES;
				GCC_WARN_UNUSED_VARIABLE = YES;
				IPHONEOS_DEPLOYMENT_TARGET = 16.0;
				MTL_ENABLE_DEBUG_INFO = INCLUDE_SOURCE;
				MTL_FAST_MATH = YES;
				ONLY_ACTIVE_ARCH = YES;
				SDKROOT = iphoneos;
				SWIFT_ACTIVE_COMPILATION_CONDITIONS = DEBUG;
				SWIFT_OPTIMIZATION_LEVEL = "-Onone";
			};
			name = Debug;
		};
		9920818128F837DD009263C5 /* Release */ = {
			isa = XCBuildConfiguration;
			buildSettings = {
				ALWAYS_SEARCH_USER_PATHS = NO;
				CLANG_ANALYZER_NONNULL = YES;
				CLANG_ANALYZER_NUMBER_OBJECT_CONVERSION = YES_AGGRESSIVE;
				CLANG_CXX_LANGUAGE_STANDARD = "gnu++20";
				CLANG_ENABLE_MODULES = YES;
				CLANG_ENABLE_OBJC_ARC = YES;
				CLANG_ENABLE_OBJC_WEAK = YES;
				CLANG_WARN_BLOCK_CAPTURE_AUTORELEASING = YES;
				CLANG_WARN_BOOL_CONVERSION = YES;
				CLANG_WARN_COMMA = YES;
				CLANG_WARN_CONSTANT_CONVERSION = YES;
				CLANG_WARN_DEPRECATED_OBJC_IMPLEMENTATIONS = YES;
				CLANG_WARN_DIRECT_OBJC_ISA_USAGE = YES_ERROR;
				CLANG_WARN_DOCUMENTATION_COMMENTS = YES;
				CLANG_WARN_EMPTY_BODY = YES;
				CLANG_WARN_ENUM_CONVERSION = YES;
				CLANG_WARN_INFINITE_RECURSION = YES;
				CLANG_WARN_INT_CONVERSION = YES;
				CLANG_WARN_NON_LITERAL_NULL_CONVERSION = YES;
				CLANG_WARN_OBJC_IMPLICIT_RETAIN_SELF = YES;
				CLANG_WARN_OBJC_LITERAL_CONVERSION = YES;
				CLANG_WARN_OBJC_ROOT_CLASS = YES_ERROR;
				CLANG_WARN_QUOTED_INCLUDE_IN_FRAMEWORK_HEADER = YES;
				CLANG_WARN_RANGE_LOOP_ANALYSIS = YES;
				CLANG_WARN_STRICT_PROTOTYPES = YES;
				CLANG_WARN_SUSPICIOUS_MOVE = YES;
				CLANG_WARN_UNGUARDED_AVAILABILITY = YES_AGGRESSIVE;
				CLANG_WARN_UNREACHABLE_CODE = YES;
				CLANG_WARN__DUPLICATE_METHOD_MATCH = YES;
				COPY_PHASE_STRIP = NO;
				DEBUG_INFORMATION_FORMAT = "dwarf-with-dsym";
				ENABLE_NS_ASSERTIONS = NO;
				ENABLE_STRICT_OBJC_MSGSEND = YES;
				GCC_C_LANGUAGE_STANDARD = gnu11;
				GCC_NO_COMMON_BLOCKS = YES;
				GCC_WARN_64_TO_32_BIT_CONVERSION = YES;
				GCC_WARN_ABOUT_RETURN_TYPE = YES_ERROR;
				GCC_WARN_UNDECLARED_SELECTOR = YES;
				GCC_WARN_UNINITIALIZED_AUTOS = YES_AGGRESSIVE;
				GCC_WARN_UNUSED_FUNCTION = YES;
				GCC_WARN_UNUSED_VARIABLE = YES;
				IPHONEOS_DEPLOYMENT_TARGET = 16.0;
				MTL_ENABLE_DEBUG_INFO = NO;
				MTL_FAST_MATH = YES;
				SDKROOT = iphoneos;
				SWIFT_COMPILATION_MODE = wholemodule;
				SWIFT_OPTIMIZATION_LEVEL = "-O";
				VALIDATE_PRODUCT = YES;
			};
			name = Release;
		};
		9920818328F837DD009263C5 /* Debug */ = {
			isa = XCBuildConfiguration;
			buildSettings = {
				ASSETCATALOG_COMPILER_APPICON_NAME = AppIcon;
				ASSETCATALOG_COMPILER_GLOBAL_ACCENT_COLOR_NAME = AccentColor;
				CODE_SIGN_STYLE = Automatic;
				CURRENT_PROJECT_VERSION = 1;
				GENERATE_INFOPLIST_FILE = YES;
				INFOPLIST_FILE = Demo/Info.plist;
				INFOPLIST_KEY_UIApplicationSupportsIndirectInputEvents = YES;
				INFOPLIST_KEY_UILaunchStoryboardName = LaunchScreen;
				INFOPLIST_KEY_UIMainStoryboardFile = Main;
				INFOPLIST_KEY_UISupportedInterfaceOrientations_iPad = "UIInterfaceOrientationPortrait UIInterfaceOrientationPortraitUpsideDown UIInterfaceOrientationLandscapeLeft UIInterfaceOrientationLandscapeRight";
				INFOPLIST_KEY_UISupportedInterfaceOrientations_iPhone = "UIInterfaceOrientationPortrait UIInterfaceOrientationLandscapeLeft UIInterfaceOrientationLandscapeRight";
				LD_RUNPATH_SEARCH_PATHS = (
					"$(inherited)",
					"@executable_path/Frameworks",
				);
				MARKETING_VERSION = 1.0;
				PRODUCT_BUNDLE_IDENTIFIER = net.iamkel.ios.Demo;
				PRODUCT_NAME = "$(TARGET_NAME)";
				SWIFT_EMIT_LOC_STRINGS = YES;
				SWIFT_VERSION = 5.0;
				TARGETED_DEVICE_FAMILY = "1,2";
			};
			name = Debug;
		};
		9920818428F837DD009263C5 /* Release */ = {
			isa = XCBuildConfiguration;
			buildSettings = {
				ASSETCATALOG_COMPILER_APPICON_NAME = AppIcon;
				ASSETCATALOG_COMPILER_GLOBAL_ACCENT_COLOR_NAME = AccentColor;
				CODE_SIGN_STYLE = Automatic;
				CURRENT_PROJECT_VERSION = 1;
				GENERATE_INFOPLIST_FILE = YES;
				INFOPLIST_FILE = Demo/Info.plist;
				INFOPLIST_KEY_UIApplicationSupportsIndirectInputEvents = YES;
				INFOPLIST_KEY_UILaunchStoryboardName = LaunchScreen;
				INFOPLIST_KEY_UIMainStoryboardFile = Main;
				INFOPLIST_KEY_UISupportedInterfaceOrientations_iPad = "UIInterfaceOrientationPortrait UIInterfaceOrientationPortraitUpsideDown UIInterfaceOrientationLandscapeLeft UIInterfaceOrientationLandscapeRight";
				INFOPLIST_KEY_UISupportedInterfaceOrientations_iPhone = "UIInterfaceOrientationPortrait UIInterfaceOrientationLandscapeLeft UIInterfaceOrientationLandscapeRight";
				LD_RUNPATH_SEARCH_PATHS = (
					"$(inherited)",
					"@executable_path/Frameworks",
				);
				MARKETING_VERSION = 1.0;
				PRODUCT_BUNDLE_IDENTIFIER = net.iamkel.ios.Demo;
				PRODUCT_NAME = "$(TARGET_NAME)";
				SWIFT_EMIT_LOC_STRINGS = YES;
				SWIFT_VERSION = 5.0;
				TARGETED_DEVICE_FAMILY = "1,2";
			};
			name = Release;
		};
		9920818628F837DD009263C5 /* Debug */ = {
			isa = XCBuildConfiguration;
			buildSettings = {
				ALWAYS_EMBED_SWIFT_STANDARD_LIBRARIES = YES;
				BUNDLE_LOADER = "$(TEST_HOST)";
				CODE_SIGN_STYLE = Automatic;
				CURRENT_PROJECT_VERSION = 1;
				GENERATE_INFOPLIST_FILE = YES;
				IPHONEOS_DEPLOYMENT_TARGET = 16.0;
				MARKETING_VERSION = 1.0;
				PRODUCT_BUNDLE_IDENTIFIER = net.iamkel.ios.DemoTests;
				PRODUCT_NAME = "$(TARGET_NAME)";
				SWIFT_EMIT_LOC_STRINGS = NO;
				SWIFT_VERSION = 5.0;
				TARGETED_DEVICE_FAMILY = "1,2";
				TEST_HOST = "$(BUILT_PRODUCTS_DIR)/Demo.app/$(BUNDLE_EXECUTABLE_FOLDER_PATH)/Demo";
			};
			name = Debug;
		};
		9920818728F837DD009263C5 /* Release */ = {
			isa = XCBuildConfiguration;
			buildSettings = {
				ALWAYS_EMBED_SWIFT_STANDARD_LIBRARIES = YES;
				BUNDLE_LOADER = "$(TEST_HOST)";
				CODE_SIGN_STYLE = Automatic;
				CURRENT_PROJECT_VERSION = 1;
				GENERATE_INFOPLIST_FILE = YES;
				IPHONEOS_DEPLOYMENT_TARGET = 16.0;
				MARKETING_VERSION = 1.0;
				PRODUCT_BUNDLE_IDENTIFIER = net.iamkel.ios.DemoTests;
				PRODUCT_NAME = "$(TARGET_NAME)";
				SWIFT_EMIT_LOC_STRINGS = NO;
				SWIFT_VERSION = 5.0;
				TARGETED_DEVICE_FAMILY = "1,2";
				TEST_HOST = "$(BUILT_PRODUCTS_DIR)/Demo.app/$(BUNDLE_EXECUTABLE_FOLDER_PATH)/Demo";
			};
			name = Release;
		};
/* End XCBuildConfiguration section */

/* Begin XCConfigurationList section */
		9920815328F837DC009263C5 /* Build configuration list for PBXProject "Demo" */ = {
			isa = XCConfigurationList;
			buildConfigurations = (
				9920818028F837DD009263C5 /* Debug */,
				9920818128F837DD009263C5 /* Release */,
			);
			defaultConfigurationIsVisible = 0;
			defaultConfigurationName = Release;
		};
		9920818228F837DD009263C5 /* Build configuration list for PBXNativeTarget "Demo" */ = {
			isa = XCConfigurationList;
			buildConfigurations = (
				9920818328F837DD009263C5 /* Debug */,
				9920818428F837DD009263C5 /* Release */,
			);
			defaultConfigurationIsVisible = 0;
			defaultConfigurationName = Release;
		};
		9920818528F837DD009263C5 /* Build configuration list for PBXNativeTarget "DemoTests" */ = {
			isa = XCConfigurationList;
			buildConfigurations = (
				9920818628F837DD009263C5 /* Debug */,
				9920818728F837DD009263C5 /* Release */,
			);
			defaultConfigurationIsVisible = 0;
			defaultConfigurationName = Release;
		};
/* End XCConfigurationList section */

/* Begin XCRemoteSwiftPackageReference section */
		99CD39732902EC7E003CE496 /* XCRemoteSwiftPackageReference "swift-snapshot-testing" */ = {
			isa = XCRemoteSwiftPackageReference;
			repositoryURL = "https://github.com/pointfreeco/swift-snapshot-testing.git";
			requirement = {
				kind = upToNextMajorVersion;
				minimumVersion = 1.10.0;
			};
		};
/* End XCRemoteSwiftPackageReference section */

/* Begin XCSwiftPackageProductDependency section */
		992081A329018B1C009263C5 /* XConfigs */ = {
			isa = XCSwiftPackageProductDependency;
			productName = XConfigs;
		};
		998E8BBB2907F99F00B79EEF /* XConfigs */ = {
			isa = XCSwiftPackageProductDependency;
			productName = XConfigs;
		};
		99CD39742902EC7E003CE496 /* SnapshotTesting */ = {
			isa = XCSwiftPackageProductDependency;
			package = 99CD39732902EC7E003CE496 /* XCRemoteSwiftPackageReference "swift-snapshot-testing" */;
			productName = SnapshotTesting;
		};
/* End XCSwiftPackageProductDependency section */
	};
	rootObject = 9920815028F837DC009263C5 /* Project object */;
}
